Microsoft Visual Studio Solution File, Format Version 12.00
# Visual Studio 2012
Project("{FAE04EC0-301F-11D3-BF4B-00C04F79EFBC}") = "Tower Defense", "Tower Defense.csproj", "{0A104E32-A1E7-4C0F-9F98-D18B0CEA5F5D}"
EndProject
Global
	GlobalSection(SolutionConfigurationPlatforms) = preSolution
	Debug|Any CPU = Debug|Any CPU
	ExportDebug|Any CPU = ExportDebug|Any CPU
	ExportRelease|Any CPU = ExportRelease|Any CPU
	EndGlobalSection
	GlobalSection(ProjectConfigurationPlatforms) = postSolution
		{0A104E32-A1E7-4C0F-9F98-D18B0CEA5F5D}.Debug|Any CPU.ActiveCfg = Debug|Any CPU
		{0A104E32-A1E7-4C0F-9F98-D18B0CEA5F5D}.Debug|Any CPU.Build.0 = Debug|Any CPU
		{0A104E32-A1E7-4C0F-9F98-D18B0CEA5F5D}.ExportDebug|Any CPU.ActiveCfg = ExportDebug|Any CPU
		{0A104E32-A1E7-4C0F-9F98-D18B0CEA5F5D}.ExportDebug|Any CPU.Build.0 = ExportDebug|Any CPU
		{0A104E32-A1E7-4C0F-9F98-D18B0CEA5F5D}.ExportRelease|Any CPU.ActiveCfg = ExportRelease|Any CPU
		{0A104E32-A1E7-4C0F-9F98-D18B0CEA5F5D}.ExportRelease|Any CPU.Build.0 = ExportRelease|Any CPU
	EndGlobalSection
EndGlobal
